
Microsoft Visual Studio Solution File, Format Version 12.00
# Visual Studio Version 16
VisualStudioVersion = 16.0.30611.23
MinimumVisualStudioVersion = 10.0.40219.1
Project("{FAE04EC0-301F-11D3-BF4B-00C04F79EFBC}") = "transport_API", "transport_API.csproj", "{1B65A5FB-1E62-49B6-935D-CA8CDBAB2834}"
EndProject
Global
	GlobalSection(SolutionConfigurationPlatforms) = preSolution
		Debug|Any CPU = Debug|Any CPU
		Release|Any CPU = Release|Any CPU
	EndGlobalSection
	GlobalSection(ProjectConfigurationPlatforms) = postSolution
		{1B65A5FB-1E62-49B6-935D-CA8CDBAB2834}.Debug|Any CPU.ActiveCfg = Debug|Any CPU
		{1B65A5FB-1E62-49B6-935D-CA8CDBAB2834}.Debug|Any CPU.Build.0 = Debug|Any CPU
		{1B65A5FB-1E62-49B6-935D-CA8CDBAB2834}.Release|Any CPU.ActiveCfg = Release|Any CPU
		{1B65A5FB-1E62-49B6-935D-CA8CDBAB2834}.Release|Any CPU.Build.0 = Release|Any CPU
	EndGlobalSection
	GlobalSection(SolutionProperties) = preSolution
		HideSolutionNode = FALSE
	EndGlobalSection
	GlobalSection(ExtensibilityGlobals) = postSolution
		SolutionGuid = {4D6C16C3-EB7C-4A94-B8F0-FE481CE98809}
	EndGlobalSection
EndGlobal
